{
  "version": 1,
  "dependencies": {
    ".NETStandard,Version=v2.1": {
      "ILRepack.Lib.MSBuild.Task": {
        "type": "Direct",
        "requested": "[2.0.34, )",
        "resolved": "2.0.34",
        "contentHash": "L8TGuOMXjjT9tHf55bruPBBxJ9y17dLTf27cxPox6hhbdxFNNe7nwKzgYw6r/DZOH8O5qRxKpLeW/y80Gz45cg=="
      },
      "PLib": {
        "type": "Direct",
        "requested": "[4.25.0, )",
        "resolved": "4.25.0",
        "contentHash": "Vu8DyNlKIHS41oYgZENAAyxo8PXLqU/jyc7MbEvoaQY/1yZkIUrrLvA9TwQONaJvj8T7EvBNpvMt8uN4NVrehg==",
        "dependencies": {
          "Lib.Harmony.Ref": "2.4.2"
        }
      },
      "Lib.Harmony.Ref": {
        "type": "Transitive",
        "resolved": "2.4.2",
        "contentHash": "pK6Z6WlR6OyynJqj50SspAV3qSU4pAiFluoryxE6ad63r2BD8LHKmH40aZz+0Ve+gyyQxSXTkxBnaXs9JvTkIw==",
        "dependencies": {
          "System.Reflection.Emit": "4.7.0"
        }
      },
      "System.Reflection.Emit": {
        "type": "Transitive",
        "resolved": "4.7.0",
        "contentHash": "VR4kk8XLKebQ4MZuKuIni/7oh+QGFmZW3qORd1GvBq/8026OpW501SzT/oypwiQl4TvT8ErnReh/NzY9u+C6wQ=="
      }
    }
  }
}