{
  "version": 1,
  "dependencies": {
    ".NETFramework,Version=v4.8": {
      "ILRepack.Lib.MSBuild.Task": {
        "type": "Direct",
        "requested": "[2.0.34, )",
        "resolved": "2.0.34",
        "contentHash": "L8TGuOMXjjT9tHf55bruPBBxJ9y17dLTf27cxPox6hhbdxFNNe7nwKzgYw6r/DZOH8O5qRxKpLeW/y80Gz45cg=="
      },
      "Microsoft.NETFramework.ReferenceAssemblies": {
        "type": "Direct",
        "requested": "[1.0.3, )",
        "resolved": "1.0.3",
        "contentHash": "vUc9Npcs14QsyOD01tnv/m8sQUnGTGOw1BCmKcv77LBJY7OxhJ+zJF7UD/sCL3lYNFuqmQEVlkfS4Quif6FyYg==",
        "dependencies": {
          "Microsoft.NETFramework.ReferenceAssemblies.net48": "1.0.3"
        }
      },
      "PLib": {
        "type": "Direct",
        "requested": "[4.24.0, )",
        "resolved": "4.24.0",
        "contentHash": "AhaVieP0WdaNe++VOytuzbTLldkxp7AiCaAe5IpeCqyvnNZ8VW3eRviCjbYomJn15aXDHHyY8xRdRRZNqzcezA=="
      },
      "Microsoft.NETFramework.ReferenceAssemblies.net48": {
        "type": "Transitive",
        "resolved": "1.0.3",
        "contentHash": "zMk4D+9zyiEWByyQ7oPImPN/Jhpj166Ky0Nlla4eXlNL8hI/BtSJsgR8Inldd4NNpIAH3oh8yym0W2DrhXdSLQ=="
      }
    }
  }
}